
Microsoft Visual Studio Solution File, Format Version 12.00
# Visual Studio Version 16
VisualStudioVersion = 16.0.29318.209
MinimumVisualStudioVersion = 10.0.40219.1
Project("{9A19103F-16F7-4668-BE54-9A1E7A4F7556}") = "IoTClient", "IoTClient\IoTClient.csproj", "{DBB31F80-60BC-48E4-A2C6-07E6A8C8048F}"
EndProject
Project("{2150E333-8FDC-42A3-9474-1A3956D46DE8}") = "Tests", "Tests", "{CD6D0005-7B67-4599-9BF2-7255E135B6C6}"
EndProject
Project("{9A19103F-16F7-4668-BE54-9A1E7A4F7556}") = "IoTClient.Tests", "IoTClient.Tests\IoTClient.Tests.csproj", "{5FF4DDE3-A370-4421-9D32-5A51EB704EBA}"
EndProject
Project("{9A19103F-16F7-4668-BE54-9A1E7A4F7556}") = "IoTServer", "IoTServer\IoTServer.csproj", "{83DCC2E8-3CE1-48B6-8304-FD74149AFFC3}"
EndProject
Project("{FAE04EC0-301F-11D3-BF4B-00C04F79EFBC}") = "IoTClient.Extensions.Adapter", "IoTClient.Extensions.Adapter\IoTClient.Extensions.Adapter.csproj", "{6F3D2AE1-1C3C-475B-B513-0D71F259070C}"
EndProject
Project("{FAE04EC0-301F-11D3-BF4B-00C04F79EFBC}") = "IoTClient.Extensions.Adapter.Tests", "IoTClient.Extensions.Adapter.Tests\IoTClient.Extensions.Adapter.Tests.csproj", "{4920DE80-BE14-49F8-A63A-190EBD6F04A5}"
EndProject
Global
	GlobalSection(SolutionConfigurationPlatforms) = preSolution
		Debug|Any CPU = Debug|Any CPU
		Release|Any CPU = Release|Any CPU
	EndGlobalSection
	GlobalSection(ProjectConfigurationPlatforms) = postSolution
		{DBB31F80-60BC-48E4-A2C6-07E6A8C8048F}.Debug|Any CPU.ActiveCfg = Debug|Any CPU
		{DBB31F80-60BC-48E4-A2C6-07E6A8C8048F}.Debug|Any CPU.Build.0 = Debug|Any CPU
		{DBB31F80-60BC-48E4-A2C6-07E6A8C8048F}.Release|Any CPU.ActiveCfg = Release|Any CPU
		{DBB31F80-60BC-48E4-A2C6-07E6A8C8048F}.Release|Any CPU.Build.0 = Release|Any CPU
		{5FF4DDE3-A370-4421-9D32-5A51EB704EBA}.Debug|Any CPU.ActiveCfg = Debug|Any CPU
		{5FF4DDE3-A370-4421-9D32-5A51EB704EBA}.Debug|Any CPU.Build.0 = Debug|Any CPU
		{5FF4DDE3-A370-4421-9D32-5A51EB704EBA}.Release|Any CPU.ActiveCfg = Release|Any CPU
		{5FF4DDE3-A370-4421-9D32-5A51EB704EBA}.Release|Any CPU.Build.0 = Release|Any CPU
		{83DCC2E8-3CE1-48B6-8304-FD74149AFFC3}.Debug|Any CPU.ActiveCfg = Debug|Any CPU
		{83DCC2E8-3CE1-48B6-8304-FD74149AFFC3}.Debug|Any CPU.Build.0 = Debug|Any CPU
		{83DCC2E8-3CE1-48B6-8304-FD74149AFFC3}.Release|Any CPU.ActiveCfg = Release|Any CPU
		{83DCC2E8-3CE1-48B6-8304-FD74149AFFC3}.Release|Any CPU.Build.0 = Release|Any CPU
		{6F3D2AE1-1C3C-475B-B513-0D71F259070C}.Debug|Any CPU.ActiveCfg = Debug|Any CPU
		{6F3D2AE1-1C3C-475B-B513-0D71F259070C}.Debug|Any CPU.Build.0 = Debug|Any CPU
		{6F3D2AE1-1C3C-475B-B513-0D71F259070C}.Release|Any CPU.ActiveCfg = Release|Any CPU
		{6F3D2AE1-1C3C-475B-B513-0D71F259070C}.Release|Any CPU.Build.0 = Release|Any CPU
		{4920DE80-BE14-49F8-A63A-190EBD6F04A5}.Debug|Any CPU.ActiveCfg = Debug|Any CPU
		{4920DE80-BE14-49F8-A63A-190EBD6F04A5}.Debug|Any CPU.Build.0 = Debug|Any CPU
		{4920DE80-BE14-49F8-A63A-190EBD6F04A5}.Release|Any CPU.ActiveCfg = Release|Any CPU
		{4920DE80-BE14-49F8-A63A-190EBD6F04A5}.Release|Any CPU.Build.0 = Release|Any CPU
	EndGlobalSection
	GlobalSection(SolutionProperties) = preSolution
		HideSolutionNode = FALSE
	EndGlobalSection
	GlobalSection(NestedProjects) = preSolution
		{5FF4DDE3-A370-4421-9D32-5A51EB704EBA} = {CD6D0005-7B67-4599-9BF2-7255E135B6C6}
		{4920DE80-BE14-49F8-A63A-190EBD6F04A5} = {CD6D0005-7B67-4599-9BF2-7255E135B6C6}
	EndGlobalSection
	GlobalSection(ExtensibilityGlobals) = postSolution
		SolutionGuid = {2979C316-BD46-4FE9-8CA4-B1CD5852D662}
	EndGlobalSection
EndGlobal
